
Microsoft Visual Studio Solution File, Format Version 12.00
# Visual Studio Version 17
VisualStudioVersion = 17.1.32210.238
MinimumVisualStudioVersion = 10.0.40219.1
Project("{FAE04EC0-301F-11D3-BF4B-00C04F79EFBC}") = "HelloWorldDocker", "HelloWorldDocker\HelloWorldDocker.csproj", "{97413CEA-931A-4B7A-9108-2DB2D35FDDD7}"
EndProject
Global
	GlobalSection(SolutionConfigurationPlatforms) = preSolution
		Debug|Any CPU = Debug|Any CPU
		Release|Any CPU = Release|Any CPU
	EndGlobalSection
	GlobalSection(ProjectConfigurationPlatforms) = postSolution
		{97413CEA-931A-4B7A-9108-2DB2D35FDDD7}.Debug|Any CPU.ActiveCfg = Debug|Any CPU
		{97413CEA-931A-4B7A-9108-2DB2D35FDDD7}.Debug|Any CPU.Build.0 = Debug|Any CPU
		{97413CEA-931A-4B7A-9108-2DB2D35FDDD7}.Release|Any CPU.ActiveCfg = Release|Any CPU
		{97413CEA-931A-4B7A-9108-2DB2D35FDDD7}.Release|Any CPU.Build.0 = Release|Any CPU
	EndGlobalSection
	GlobalSection(SolutionProperties) = preSolution
		HideSolutionNode = FALSE
	EndGlobalSection
	GlobalSection(ExtensibilityGlobals) = postSolution
		SolutionGuid = {FA793413-C27D-49E2-A4B6-8519FE3CC0CF}
	EndGlobalSection
EndGlobal
